# This file is generated by running "yarn install" inside your project.
# Manual changes might be lost - proceed with caution!

__metadata:
  version: 5
  cacheKey: 8

"@babel/helper-plugin-utils@npm:^7.14.5":
  version: 7.16.7
  resolution: "@babel/helper-plugin-utils@npm:7.16.7"
  checksum: d08dd86554a186c2538547cd537552e4029f704994a9201d41d82015c10ed7f58f9036e8d1527c3760f042409163269d308b0b3706589039c5f1884619c6d4ce
  languageName: node
  linkType: hard

"@babel/helper-validator-identifier@npm:^7.14.9":
  version: 7.16.7
  resolution: "@babel/helper-validator-identifier@npm:7.16.7"
  checksum: dbb3db9d184343152520a209b5684f5e0ed416109cde82b428ca9c759c29b10c7450657785a8b5c5256aa74acc6da491c1f0cf6b784939f7931ef82982051b69
  languageName: node
  linkType: hard

"@babel/plugin-syntax-jsx@npm:7.14.5":
  version: 7.14.5
  resolution: "@babel/plugin-syntax-jsx@npm:7.14.5"
  dependencies:
    "@babel/helper-plugin-utils": ^7.14.5
  peerDependencies:
    "@babel/core": ^7.0.0-0
  checksum: 3a2ba87534b0f9ee70eba0754d2ae544825c25afd98efb8e42b41399e02de4cc5b1f70fc5ce444fb7a7e5b09972c289eed2f00917be5b88d67407f4cbde8e960
  languageName: node
  linkType: hard

"@babel/types@npm:7.15.0":
  version: 7.15.0
  resolution: "@babel/types@npm:7.15.0"
  dependencies:
    "@babel/helper-validator-identifier": ^7.14.9
    to-fast-properties: ^2.0.0
  checksum: 6d6bcdfce94b5446520a24087c6dede453e28425af092965b304d4028e9bca79712fd691cdad031e3570c7667bf3206e5f642bcccbfccb33d42ca4a8203587f9
  languageName: node
  linkType: hard

"@next/env@npm:12.0.8":
  version: 12.0.8
  resolution: "@next/env@npm:12.0.8"
  checksum: 2ef94e2a248ea39d770f3a7aaae629bdeb46c8e694a01353888c146459d2cffb81394240071faca13cf6c155a404e5110517bb5aa654dcfda3d77b907db33bcf
  languageName: node
  linkType: hard

"@next/react-refresh-utils@npm:12.0.8":
  version: 12.0.8
  resolution: "@next/react-refresh-utils@npm:12.0.8"
  peerDependencies:
    react-refresh: 0.8.3
    webpack: ^4 || ^5
  peerDependenciesMeta:
    webpack:
      optional: true
  checksum: 11232c954026c0cc03bad2cd556f89e0bb99e9a4ad67e1058f3107da829c33f2540865a29dbc99412246701de1e3f3b39d5d715490c1b4c4632d5a5aaf61ac84
  languageName: node
  linkType: hard

"@next/swc-android-arm64@npm:12.0.8":
  version: 12.0.8
  resolution: "@next/swc-android-arm64@npm:12.0.8"
  conditions: os=android & cpu=arm64
  languageName: node
  linkType: hard

"@next/swc-darwin-arm64@npm:12.0.8":
  version: 12.0.8
  resolution: "@next/swc-darwin-arm64@npm:12.0.8"
  conditions: os=darwin & cpu=arm64
  languageName: node
  linkType: hard

"@next/swc-darwin-x64@npm:12.0.8":
  version: 12.0.8
  resolution: "@next/swc-darwin-x64@npm:12.0.8"
  conditions: os=darwin & cpu=x64
  languageName: node
  linkType: hard

"@next/swc-linux-arm-gnueabihf@npm:12.0.8":
  version: 12.0.8
  resolution: "@next/swc-linux-arm-gnueabihf@npm:12.0.8"
  conditions: os=linux & cpu=arm
  languageName: node
  linkType: hard

"@next/swc-linux-arm64-gnu@npm:12.0.8":
  version: 12.0.8
  resolution: "@next/swc-linux-arm64-gnu@npm:12.0.8"
  conditions: os=linux & cpu=arm64
  languageName: node
  linkType: hard

"@next/swc-linux-arm64-musl@npm:12.0.8":
  version: 12.0.8
  resolution: "@next/swc-linux-arm64-musl@npm:12.0.8"
  conditions: os=linux & cpu=arm64
  languageName: node
  linkType: hard

"@next/swc-linux-x64-gnu@npm:12.0.8":
  version: 12.0.8
  resolution: "@next/swc-linux-x64-gnu@npm:12.0.8"
  conditions: os=linux & cpu=x64
  languageName: node
  linkType: hard

"@next/swc-linux-x64-musl@npm:12.0.8":
  version: 12.0.8
  resolution: "@next/swc-linux-x64-musl@npm:12.0.8"
  conditions: os=linux & cpu=x64
  languageName: node
  linkType: hard

"@next/swc-win32-arm64-msvc@npm:12.0.8":
  version: 12.0.8
  resolution: "@next/swc-win32-arm64-msvc@npm:12.0.8"
  conditions: os=win32 & cpu=arm64
  languageName: node
  linkType: hard

"@next/swc-win32-ia32-msvc@npm:12.0.8":
  version: 12.0.8
  resolution: "@next/swc-win32-ia32-msvc@npm:12.0.8"
  conditions: os=win32 & cpu=ia32
  languageName: node
  linkType: hard

"@next/swc-win32-x64-msvc@npm:12.0.8":
  version: 12.0.8
  resolution: "@next/swc-win32-x64-msvc@npm:12.0.8"
  conditions: os=win32 & cpu=x64
  languageName: node
  linkType: hard

"@nodly/next-template@workspace:.":
  version: 0.0.0-use.local
  resolution: "@nodly/next-template@workspace:."
  dependencies:
    "@nodly/prettier-config": 1.0.1
    "@types/node": 17.0.12
    "@types/react": 17.0.38
    next: 12.0.8
    prettier: 2.5.1
    react: 17.0.2
    react-dom: 17.0.2
    typescript: 4.5.5
  languageName: unknown
  linkType: soft

"@nodly/prettier-config@npm:1.0.1":
  version: 1.0.1
  resolution: "@nodly/prettier-config@npm:1.0.1"
  peerDependencies:
    prettier: ">=2.4.0"
  checksum: e0cbcaf660986eee0335c526f36ba0d805c1ab0a3639dae79d1d12f4f91017aeb07c4a67526be7267841a6cb39fac8ef055ff6d51bb8a7d00f66ad9e78beb100
  languageName: node
  linkType: hard

"@types/node@npm:*, @types/node@npm:17.0.12":
  version: 17.0.12
  resolution: "@types/node@npm:17.0.12"
  checksum: f7e4c384b72648550391c2c8bd42560dfccf5b7a0506fb5842f326f8b176286be279dd63f62af621fe6d409d474ea5d312855061f512132e999f4e902a22e4db
  languageName: node
  linkType: hard

"@types/prop-types@npm:*":
  version: 15.7.4
  resolution: "@types/prop-types@npm:15.7.4"
  checksum: ef6e1899e59b876c273811b1bd845022fc66d5a3d11cb38a25b6c566b30514ae38fe20a40f67622f362a4f4f7f9224e22d8da101cff3d6e97e11d7b4c307cfc1
  languageName: node
  linkType: hard

"@types/react@npm:17.0.38":
  version: 17.0.38
  resolution: "@types/react@npm:17.0.38"
  dependencies:
    "@types/prop-types": "*"
    "@types/scheduler": "*"
    csstype: ^3.0.2
  checksum: 4079f4f959cd4a4bfaeda8b89fe8a1b1f8bdc9d87acfdc5f74a0b39cec9ec6a470724357c62778c0f063180b360c250e920c5a142f1dbcda67d9cc25a6d43a85
  languageName: node
  linkType: hard

"@types/scheduler@npm:*":
  version: 0.16.2
  resolution: "@types/scheduler@npm:0.16.2"
  checksum: b6b4dcfeae6deba2e06a70941860fb1435730576d3689225a421280b7742318d1548b3d22c1f66ab68e414f346a9542f29240bc955b6332c5b11e561077583bc
  languageName: node
  linkType: hard

"big.js@npm:^5.2.2":
  version: 5.2.2
  resolution: "big.js@npm:5.2.2"
  checksum: b89b6e8419b097a8fb4ed2399a1931a68c612bce3cfd5ca8c214b2d017531191070f990598de2fc6f3f993d91c0f08aa82697717f6b3b8732c9731866d233c9e
  languageName: node
  linkType: hard

"caniuse-lite@npm:^1.0.30001283":
  version: 1.0.30001302
  resolution: "caniuse-lite@npm:1.0.30001302"
  checksum: 612689059f6a9aeebad43afeabac655308ddbad8e0f345030edf7656564cf9d0d5af10e3cbf61b64b09b06a97f82ba3788f5621d6526c7a3e7e068cae88d6782
  languageName: node
  linkType: hard

"colorette@npm:^1.2.2":
  version: 1.4.0
  resolution: "colorette@npm:1.4.0"
  checksum: 01c3c16058b182a4ab4c126a65a75faa4d38a20fa7c845090b25453acec6c371bb2c5dceb0a2338511f17902b9d1a9af0cadd8509c9403894b79311032c256c3
  languageName: node
  linkType: hard

"convert-source-map@npm:1.7.0":
  version: 1.7.0
  resolution: "convert-source-map@npm:1.7.0"
  dependencies:
    safe-buffer: ~5.1.1
  checksum: bcd2e3ea7d37f96b85a6e362c8a89402ccc73757256e3ee53aa2c22fe915adb854c66b1f81111be815a3a6a6ce3c58e8001858e883c9d5b4fe08a853fa865967
  languageName: node
  linkType: hard

"csstype@npm:^3.0.2":
  version: 3.0.10
  resolution: "csstype@npm:3.0.10"
  checksum: 20a8fa324f2b33ddf94aa7507d1b6ab3daa6f3cc308888dc50126585d7952f2471de69b2dbe0635d1fdc31223fef8e070842691877e725caf456e2378685a631
  languageName: node
  linkType: hard

"emojis-list@npm:^2.0.0":
  version: 2.1.0
  resolution: "emojis-list@npm:2.1.0"
  checksum: fb61fa6356dfcc9fbe6db8e334c29da365a34d3d82a915cb59621883d3023d804fd5edad5acd42b8eec016936e81d3b38e2faf921b32e073758374253afe1272
  languageName: node
  linkType: hard

"has-flag@npm:^4.0.0":
  version: 4.0.0
  resolution: "has-flag@npm:4.0.0"
  checksum: 261a1357037ead75e338156b1f9452c016a37dcd3283a972a30d9e4a87441ba372c8b81f818cd0fbcd9c0354b4ae7e18b9e1afa1971164aef6d18c2b6095a8ad
  languageName: node
  linkType: hard

"inherits@npm:^2.0.3, inherits@npm:~2.0.4":
  version: 2.0.4
  resolution: "inherits@npm:2.0.4"
  checksum: 4a48a733847879d6cf6691860a6b1e3f0f4754176e4d71494c41f3475553768b10f84b5ce1d40fbd0e34e6bfbb864ee35858ad4dd2cf31e02fc4a154b724d7f1
  languageName: node
  linkType: hard

"jest-worker@npm:27.0.0-next.5":
  version: 27.0.0-next.5
  resolution: "jest-worker@npm:27.0.0-next.5"
  dependencies:
    "@types/node": "*"
    merge-stream: ^2.0.0
    supports-color: ^8.0.0
  checksum: d56bfe67cdb32472d5ffe120bf4956a158155f8d7083c2ef258dc6b498a77d80cbee9aa029bbfb7e72f49e2de0c0dfbf5f76b48d39573f7d020578739ac5ea0d
  languageName: node
  linkType: hard

"js-tokens@npm:^3.0.0 || ^4.0.0":
  version: 4.0.0
  resolution: "js-tokens@npm:4.0.0"
  checksum: 8a95213a5a77deb6cbe94d86340e8d9ace2b93bc367790b260101d2f36a2eaf4e4e22d9fa9cf459b38af3a32fb4190e638024cf82ec95ef708680e405ea7cc78
  languageName: node
  linkType: hard

"json5@npm:^1.0.1":
  version: 1.0.1
  resolution: "json5@npm:1.0.1"
  dependencies:
    minimist: ^1.2.0
  bin:
    json5: lib/cli.js
  checksum: e76ea23dbb8fc1348c143da628134a98adf4c5a4e8ea2adaa74a80c455fc2cdf0e2e13e6398ef819bfe92306b610ebb2002668ed9fc1af386d593691ef346fc3
  languageName: node
  linkType: hard

"loader-utils@npm:1.2.3":
  version: 1.2.3
  resolution: "loader-utils@npm:1.2.3"
  dependencies:
    big.js: ^5.2.2
    emojis-list: ^2.0.0
    json5: ^1.0.1
  checksum: 385407fc2683b6d664276fd41df962296de4a15030bb24389de77b175570c3b56bd896869376ba14cf8b33a9e257e17a91d395739ba7e23b5b68a8749a41df7e
  languageName: node
  linkType: hard

"loose-envify@npm:^1.1.0":
  version: 1.4.0
  resolution: "loose-envify@npm:1.4.0"
  dependencies:
    js-tokens: ^3.0.0 || ^4.0.0
  bin:
    loose-envify: cli.js
  checksum: 6517e24e0cad87ec9888f500c5b5947032cdfe6ef65e1c1936a0c48a524b81e65542c9c3edc91c97d5bddc806ee2a985dbc79be89215d613b1de5db6d1cfe6f4
  languageName: node
  linkType: hard

"merge-stream@npm:^2.0.0":
  version: 2.0.0
  resolution: "merge-stream@npm:2.0.0"
  checksum: 6fa4dcc8d86629705cea944a4b88ef4cb0e07656ebf223fa287443256414283dd25d91c1cd84c77987f2aec5927af1a9db6085757cb43d90eb170ebf4b47f4f4
  languageName: node
  linkType: hard

"minimist@npm:^1.2.0":
  version: 1.2.5
  resolution: "minimist@npm:1.2.5"
  checksum: 86706ce5b36c16bfc35c5fe3dbb01d5acdc9a22f2b6cc810b6680656a1d2c0e44a0159c9a3ba51fb072bb5c203e49e10b51dcd0eec39c481f4c42086719bae52
  languageName: node
  linkType: hard

"nanoid@npm:^3.1.23":
  version: 3.2.0
  resolution: "nanoid@npm:3.2.0"
  bin:
    nanoid: bin/nanoid.cjs
  checksum: 3d1d5a69fea84e538057cf64106e713931c4ef32af344068ecff153ff91252f39b0f2b472e09b0dfff43ac3cf520c92938d90e6455121fe93976e23660f4fccc
  languageName: node
  linkType: hard

"next@npm:12.0.8":
  version: 12.0.8
  resolution: "next@npm:12.0.8"
  dependencies:
    "@next/env": 12.0.8
    "@next/react-refresh-utils": 12.0.8
    "@next/swc-android-arm64": 12.0.8
    "@next/swc-darwin-arm64": 12.0.8
    "@next/swc-darwin-x64": 12.0.8
    "@next/swc-linux-arm-gnueabihf": 12.0.8
    "@next/swc-linux-arm64-gnu": 12.0.8
    "@next/swc-linux-arm64-musl": 12.0.8
    "@next/swc-linux-x64-gnu": 12.0.8
    "@next/swc-linux-x64-musl": 12.0.8
    "@next/swc-win32-arm64-msvc": 12.0.8
    "@next/swc-win32-ia32-msvc": 12.0.8
    "@next/swc-win32-x64-msvc": 12.0.8
    caniuse-lite: ^1.0.30001283
    jest-worker: 27.0.0-next.5
    node-fetch: 2.6.1
    postcss: 8.2.15
    react-is: 17.0.2
    react-refresh: 0.8.3
    stream-browserify: 3.0.0
    styled-jsx: 5.0.0-beta.6
    use-subscription: 1.5.1
  peerDependencies:
    fibers: ">= 3.1.0"
    node-sass: ^4.0.0 || ^5.0.0 || ^6.0.0
    react: ^17.0.2 || ^18.0.0-0
    react-dom: ^17.0.2 || ^18.0.0-0
    sass: ^1.3.0
  dependenciesMeta:
    "@next/swc-android-arm64":
      optional: true
    "@next/swc-darwin-arm64":
      optional: true
    "@next/swc-darwin-x64":
      optional: true
    "@next/swc-linux-arm-gnueabihf":
      optional: true
    "@next/swc-linux-arm64-gnu":
      optional: true
    "@next/swc-linux-arm64-musl":
      optional: true
    "@next/swc-linux-x64-gnu":
      optional: true
    "@next/swc-linux-x64-musl":
      optional: true
    "@next/swc-win32-arm64-msvc":
      optional: true
    "@next/swc-win32-ia32-msvc":
      optional: true
    "@next/swc-win32-x64-msvc":
      optional: true
  peerDependenciesMeta:
    fibers:
      optional: true
    node-sass:
      optional: true
    sass:
      optional: true
  bin:
    next: dist/bin/next
  checksum: 947f0295aad98eba7593e022bbea72adea32a170feba6f5e7370886356d2944ac1f1260836a17d190717ac2fdf2ad0f45264262016b7e19a95a144216f2309c5
  languageName: node
  linkType: hard

"node-fetch@npm:2.6.1":
  version: 2.6.1
  resolution: "node-fetch@npm:2.6.1"
  checksum: 91075bedd57879117e310fbcc36983ad5d699e522edb1ebcdc4ee5294c982843982652925c3532729fdc86b2d64a8a827797a745f332040d91823c8752ee4d7c
  languageName: node
  linkType: hard

"object-assign@npm:^4.1.1":
  version: 4.1.1
  resolution: "object-assign@npm:4.1.1"
  checksum: fcc6e4ea8c7fe48abfbb552578b1c53e0d194086e2e6bbbf59e0a536381a292f39943c6e9628af05b5528aa5e3318bb30d6b2e53cadaf5b8fe9e12c4b69af23f
  languageName: node
  linkType: hard

"postcss@npm:8.2.15":
  version: 8.2.15
  resolution: "postcss@npm:8.2.15"
  dependencies:
    colorette: ^1.2.2
    nanoid: ^3.1.23
    source-map: ^0.6.1
  checksum: 07c309e5318843cdbb240b19101c8c679e19cb88544811de921dd9125118d6c0603afe925da7f2ac928dd7d4c0c6380ccdedf032400af5013210a3f145baca5d
  languageName: node
  linkType: hard

"prettier@npm:2.5.1":
  version: 2.5.1
  resolution: "prettier@npm:2.5.1"
  bin:
    prettier: bin-prettier.js
  checksum: 21b9408476ea1c544b0e45d51ceb94a84789ff92095abb710942d780c862d0daebdb29972d47f6b4d0f7ebbfb0ffbf56cc2cfa3e3e9d1cca54864af185b15b66
  languageName: node
  linkType: hard

"react-dom@npm:17.0.2":
  version: 17.0.2
  resolution: "react-dom@npm:17.0.2"
  dependencies:
    loose-envify: ^1.1.0
    object-assign: ^4.1.1
    scheduler: ^0.20.2
  peerDependencies:
    react: 17.0.2
  checksum: 1c1eaa3bca7c7228d24b70932e3d7c99e70d1d04e13bb0843bbf321582bc25d7961d6b8a6978a58a598af2af496d1cedcfb1bf65f6b0960a0a8161cb8dab743c
  languageName: node
  linkType: hard

"react-is@npm:17.0.2":
  version: 17.0.2
  resolution: "react-is@npm:17.0.2"
  checksum: 9d6d111d8990dc98bc5402c1266a808b0459b5d54830bbea24c12d908b536df7883f268a7868cfaedde3dd9d4e0d574db456f84d2e6df9c4526f99bb4b5344d8
  languageName: node
  linkType: hard

"react-refresh@npm:0.8.3":
  version: 0.8.3
  resolution: "react-refresh@npm:0.8.3"
  checksum: 3cffe5a9cbac1c5d59bf74bf9fff43c987d87ef32098b9092ea94b6637377d86c08565b9374d9397f446b3fbcd95de986ec77220a16f979687cb39b7b89e2f91
  languageName: node
  linkType: hard

"react@npm:17.0.2":
  version: 17.0.2
  resolution: "react@npm:17.0.2"
  dependencies:
    loose-envify: ^1.1.0
    object-assign: ^4.1.1
  checksum: b254cc17ce3011788330f7bbf383ab653c6848902d7936a87b09d835d091e3f295f7e9dd1597c6daac5dc80f90e778c8230218ba8ad599f74adcc11e33b9d61b
  languageName: node
  linkType: hard

"readable-stream@npm:^3.5.0":
  version: 3.6.0
  resolution: "readable-stream@npm:3.6.0"
  dependencies:
    inherits: ^2.0.3
    string_decoder: ^1.1.1
    util-deprecate: ^1.0.1
  checksum: d4ea81502d3799439bb955a3a5d1d808592cf3133350ed352aeaa499647858b27b1c4013984900238b0873ec8d0d8defce72469fb7a83e61d53f5ad61cb80dc8
  languageName: node
  linkType: hard

"safe-buffer@npm:~5.1.1":
  version: 5.1.2
  resolution: "safe-buffer@npm:5.1.2"
  checksum: f2f1f7943ca44a594893a852894055cf619c1fbcb611237fc39e461ae751187e7baf4dc391a72125e0ac4fb2d8c5c0b3c71529622e6a58f46b960211e704903c
  languageName: node
  linkType: hard

"safe-buffer@npm:~5.2.0":
  version: 5.2.1
  resolution: "safe-buffer@npm:5.2.1"
  checksum: b99c4b41fdd67a6aaf280fcd05e9ffb0813654894223afb78a31f14a19ad220bba8aba1cb14eddce1fcfb037155fe6de4e861784eb434f7d11ed58d1e70dd491
  languageName: node
  linkType: hard

"scheduler@npm:^0.20.2":
  version: 0.20.2
  resolution: "scheduler@npm:0.20.2"
  dependencies:
    loose-envify: ^1.1.0
    object-assign: ^4.1.1
  checksum: c4b35cf967c8f0d3e65753252d0f260271f81a81e427241295c5a7b783abf4ea9e905f22f815ab66676f5313be0a25f47be582254db8f9241b259213e999b8fc
  languageName: node
  linkType: hard

"source-map@npm:0.7.3":
  version: 0.7.3
  resolution: "source-map@npm:0.7.3"
  checksum: cd24efb3b8fa69b64bf28e3c1b1a500de77e84260c5b7f2b873f88284df17974157cc88d386ee9b6d081f08fdd8242f3fc05c953685a6ad81aad94c7393dedea
  languageName: node
  linkType: hard

"source-map@npm:^0.6.1":
  version: 0.6.1
  resolution: "source-map@npm:0.6.1"
  checksum: 59ce8640cf3f3124f64ac289012c2b8bd377c238e316fb323ea22fbfe83da07d81e000071d7242cad7a23cd91c7de98e4df8830ec3f133cb6133a5f6e9f67bc2
  languageName: node
  linkType: hard

"stream-browserify@npm:3.0.0":
  version: 3.0.0
  resolution: "stream-browserify@npm:3.0.0"
  dependencies:
    inherits: ~2.0.4
    readable-stream: ^3.5.0
  checksum: 4c47ef64d6f03815a9ca3874e2319805e8e8a85f3550776c47ce523b6f4c6cd57f40e46ec6a9ab8ad260fde61863c2718f250d3bedb3fe9052444eb9abfd9921
  languageName: node
  linkType: hard

"string-hash@npm:1.1.3":
  version: 1.1.3
  resolution: "string-hash@npm:1.1.3"
  checksum: 104b8667a5e0dc71bfcd29fee09cb88c6102e27bfb07c55f95535d90587d016731d52299380052e514266f4028a7a5172e0d9ac58e2f8f5001be61dc77c0754d
  languageName: node
  linkType: hard

"string_decoder@npm:^1.1.1":
  version: 1.3.0
  resolution: "string_decoder@npm:1.3.0"
  dependencies:
    safe-buffer: ~5.2.0
  checksum: 8417646695a66e73aefc4420eb3b84cc9ffd89572861fe004e6aeb13c7bc00e2f616247505d2dbbef24247c372f70268f594af7126f43548565c68c117bdeb56
  languageName: node
  linkType: hard

"styled-jsx@npm:5.0.0-beta.6":
  version: 5.0.0-beta.6
  resolution: "styled-jsx@npm:5.0.0-beta.6"
  dependencies:
    "@babel/plugin-syntax-jsx": 7.14.5
    "@babel/types": 7.15.0
    convert-source-map: 1.7.0
    loader-utils: 1.2.3
    source-map: 0.7.3
    string-hash: 1.1.3
    stylis: 3.5.4
    stylis-rule-sheet: 0.0.10
  peerDependencies:
    react: ">= 16.8.0 || 17.x.x || 18.x.x"
  peerDependenciesMeta:
    "@babel/core":
      optional: true
  checksum: 94c44e8e4d475f8d99459d8c5c619ff1d21d84058e3cda0226fdc02f407ba07d83e37f0a9e236eb34564376128325f2bfcbc1bcfe0de623bd8db4eb9774a0fc3
  languageName: node
  linkType: hard

"stylis-rule-sheet@npm:0.0.10":
  version: 0.0.10
  resolution: "stylis-rule-sheet@npm:0.0.10"
  peerDependencies:
    stylis: ^3.5.0
  checksum: 97ad016c64ecce8d4b2c2c1c3cf3260de3c0e2b151e78f90ded6cc1bfcca536625a77277af16a9c8a241236a9e4fd5b70d88dfa32e9b48afaddb8f102a95582d
  languageName: node
  linkType: hard

"stylis@npm:3.5.4":
  version: 3.5.4
  resolution: "stylis@npm:3.5.4"
  checksum: 3673a748ad236219bd77ca9c0a8730b8726812e612cbc844aa6f029f13666a10cf2825a5f8d41f05e8af02b5987d31b7d3ebe995e4b42e0255366fec23489b77
  languageName: node
  linkType: hard

"supports-color@npm:^8.0.0":
  version: 8.1.1
  resolution: "supports-color@npm:8.1.1"
  dependencies:
    has-flag: ^4.0.0
  checksum: c052193a7e43c6cdc741eb7f378df605636e01ad434badf7324f17fb60c69a880d8d8fcdcb562cf94c2350e57b937d7425ab5b8326c67c2adc48f7c87c1db406
  languageName: node
  linkType: hard

"to-fast-properties@npm:^2.0.0":
  version: 2.0.0
  resolution: "to-fast-properties@npm:2.0.0"
  checksum: be2de62fe58ead94e3e592680052683b1ec986c72d589e7b21e5697f8744cdbf48c266fa72f6c15932894c10187b5f54573a3bcf7da0bfd964d5caf23d436168
  languageName: node
  linkType: hard

"typescript@npm:4.5.5":
  version: 4.5.5
  resolution: "typescript@npm:4.5.5"
  bin:
    tsc: bin/tsc
    tsserver: bin/tsserver
  checksum: 506f4c919dc8aeaafa92068c997f1d213b9df4d9756d0fae1a1e7ab66b585ab3498050e236113a1c9e57ee08c21ec6814ca7a7f61378c058d79af50a4b1f5a5e
  languageName: node
  linkType: hard

"typescript@patch:typescript@4.5.5#~builtin<compat/typescript>":
  version: 4.5.5
  resolution: "typescript@patch:typescript@npm%3A4.5.5#~builtin<compat/typescript>::version=4.5.5&hash=493e53"
  bin:
    tsc: bin/tsc
    tsserver: bin/tsserver
  checksum: c05c318d79c690f101d7ffb34cd6c7d6bbd884d3af9cefe7749ad0cd6be43c7082f098280982ca945dcba23fde34a08fed9602bb26540936baf8c0520727d3ba
  languageName: node
  linkType: hard

"use-subscription@npm:1.5.1":
  version: 1.5.1
  resolution: "use-subscription@npm:1.5.1"
  dependencies:
    object-assign: ^4.1.1
  peerDependencies:
    react: ^16.8.0 || ^17.0.0
  checksum: 96e64977a573244fd11350a3141b2cf57fb72dd9dd902f387c8a0a565d0a948bc81588bd7378c6ef6defc0d1119f37f73aac4a7a287c8443abd444bd4e7bbea8
  languageName: node
  linkType: hard

"util-deprecate@npm:^1.0.1":
  version: 1.0.2
  resolution: "util-deprecate@npm:1.0.2"
  checksum: 474acf1146cb2701fe3b074892217553dfcf9a031280919ba1b8d651a068c9b15d863b7303cb15bd00a862b498e6cf4ad7b4a08fb134edd5a6f7641681cb54a2
  languageName: node
  linkType: hard
